{
  "lockfileVersion": 1,
  "configVersion": 1,
  "workspaces": {
    "": {
      "name": "@mist-drive/shared",
      "devDependencies": {
        "@types/react": "^18.2.0",
        "react": "^18.2.0",
        "react-i18next": "^17.0.6",
      },
    },
  },
  "packages": {
    "@babel/runtime": ["@babel/runtime@7.29.2", "", {}, "sha512-JiDShH45zKHWyGe4ZNVRrCjBz8Nh9TMmZG1kh4QTK8hCBTWBi8Da+i7s1fJw7/lYpM4ccepSNfqzZ/QvABBi5g=="],

    "@types/prop-types": ["@types/prop-types@15.7.15", "", {}, "sha512-F6bEyamV9jKGAFBEmlQnesRPGOQqS2+Uwi0Em15xenOxHaf2hv6L8YCVn3rPdPJOiJfPiCnLIRyvwVaqMY3MIw=="],

    "@types/react": ["@types/react@18.3.28", "", { "dependencies": { "@types/prop-types": "*", "csstype": "^3.2.2" } }, "sha512-z9VXpC7MWrhfWipitjNdgCauoMLRdIILQsAEV+ZesIzBq/oUlxk0m3ApZuMFCXdnS4U7KrI+l3WRUEGQ8K1QKw=="],

    "csstype": ["csstype@3.2.3", "", {}, "sha512-z1HGKcYy2xA8AGQfwrn0PAy+PB7X/GSj3UVJW9qKyn43xWa+gl5nXmU4qqLMRzWVLFC8KusUX8T/0kCiOYpAIQ=="],

    "html-parse-stringify": ["html-parse-stringify@3.0.1", "", { "dependencies": { "void-elements": "3.1.0" } }, "sha512-KknJ50kTInJ7qIScF3jeaFRpMpE8/lfiTdzf/twXyPBLAGrLRTmkz3AdTnKeh40X8k9L2fdYwEp/42WGXIRGcg=="],

    "i18next": ["i18next@26.0.8", "", { "peerDependencies": { "typescript": "^5 || ^6" }, "optionalPeers": ["typescript"] }, "sha512-BRzLom0mhDhV9v0QhgUUHWQJuwFmnr1194xEcNLYD6ym8y8s542n4jXUvRLnhNTbh9PmpU6kGZamyuGHQMsGjw=="],

    "js-tokens": ["js-tokens@4.0.0", "", {}, "sha512-RdJUflcE3cUzKiMqQgsCu06FPu9UdIJO0beYbPhHN4k6apgJtifcoCtT9bcxOpYBtpD2kCM6Sbzg4CausW/PKQ=="],

    "loose-envify": ["loose-envify@1.4.0", "", { "dependencies": { "js-tokens": "^3.0.0 || ^4.0.0" }, "bin": { "loose-envify": "cli.js" } }, "sha512-lyuxPGr/Wfhrlem2CL/UcnUc1zcqKAImBDzukY7Y5F/yQiNdko6+fRLevlw1HgMySw7f611UIY408EtxRSoK3Q=="],

    "react": ["react@18.3.1", "", { "dependencies": { "loose-envify": "^1.1.0" } }, "sha512-wS+hAgJShR0KhEvPJArfuPVN1+Hz1t0Y6n5jLrGQbkb4urgPE/0Rve+1kMB1v/oWgHgm4WIcV+i7F2pTVj+2iQ=="],

    "react-i18next": ["react-i18next@17.0.6", "", { "dependencies": { "@babel/runtime": "^7.29.2", "html-parse-stringify": "^3.0.1", "use-sync-external-store": "^1.6.0" }, "peerDependencies": { "i18next": ">= 26.0.1", "react": ">= 16.8.0", "typescript": "^5 || ^6" }, "optionalPeers": ["typescript"] }, "sha512-WzJ6SMKF+GTD7JZZqxSR1AKKmXjaSu39sClUrNlwxS4Tl7a99O+ltFy6yhPMO+wgZuxpQjJ2PZkfrQKmAqrLhw=="],

    "use-sync-external-store": ["use-sync-external-store@1.6.0", "", { "peerDependencies": { "react": "^16.8.0 || ^17.0.0 || ^18.0.0 || ^19.0.0" } }, "sha512-Pp6GSwGP/NrPIrxVFAIkOQeyw8lFenOHijQWkUTrDvrF4ALqylP2C/KCkeS9dpUM3KvYRQhna5vt7IL95+ZQ9w=="],

    "void-elements": ["void-elements@3.1.0", "", {}, "sha512-Dhxzh5HZuiHQhbvTW9AMetFfBHDMYpo23Uo9btPXgdYP+3T5S+p+jgNy7spra+veYhBP2dCSgxR/i2Y02h5/6w=="],
  }
}
